
Microsoft Visual Studio Solution File, Format Version 12.00
# Visual Studio Version 16
VisualStudioVersion = 16.0.32510.428
MinimumVisualStudioVersion = 10.0.40219.1
Project("{FAE04EC0-301F-11D3-BF4B-00C04F79EFBC}") = "SunriseSunset", "SunriseSunset.csproj", "{19CFE673-BD0C-47DB-9C04-4104226AF88D}"
EndProject
Global
	GlobalSection(SolutionConfigurationPlatforms) = preSolution
		Debug|Any CPU = Debug|Any CPU
		Release|Any CPU = Release|Any CPU
	EndGlobalSection
	GlobalSection(ProjectConfigurationPlatforms) = postSolution
		{19CFE673-BD0C-47DB-9C04-4104226AF88D}.Debug|Any CPU.ActiveCfg = Debug|Any CPU
		{19CFE673-BD0C-47DB-9C04-4104226AF88D}.Debug|Any CPU.Build.0 = Debug|Any CPU
		{19CFE673-BD0C-47DB-9C04-4104226AF88D}.Release|Any CPU.ActiveCfg = Release|Any CPU
		{19CFE673-BD0C-47DB-9C04-4104226AF88D}.Release|Any CPU.Build.0 = Release|Any CPU
	EndGlobalSection
	GlobalSection(SolutionProperties) = preSolution
		HideSolutionNode = FALSE
	EndGlobalSection
	GlobalSection(ExtensibilityGlobals) = postSolution
		SolutionGuid = {06AD6ECC-9240-47AD-A982-3DDE74975229}
	EndGlobalSection
EndGlobal
